
Microsoft Visual Studio Solution File, Format Version 12.00
# Visual Studio Version 17
VisualStudioVersion = 17.0.31903.59
MinimumVisualStudioVersion = 10.0.40219.1
Project("{2150E333-8FDC-42A3-9474-1A3956D46DE8}") = "src", "src", "{DE50C1D2-D5FE-4AE3-8C9A-BDA5C93D5D4C}"
EndProject
Project("{2150E333-8FDC-42A3-9474-1A3956D46DE8}") = "Shared", "Shared", "{C8CEEF1F-9EF0-41D0-BDE9-9DFE0B501409}"
EndProject
Project("{FAE04EC0-301F-11D3-BF4B-00C04F79EFBC}") = "MoneyBee.Shared.Core", "src\Shared\MoneyBee.Shared.Core\MoneyBee.Shared.Core.csproj", "{115050C0-528F-421C-87DF-D036C722362F}"
EndProject
Project("{FAE04EC0-301F-11D3-BF4B-00C04F79EFBC}") = "MoneyBee.Shared.Application", "src\Shared\MoneyBee.Shared.Application\MoneyBee.Shared.Application.csproj", "{1417EB4E-4461-4B41-9E25-21AC5FF09FB1}"
EndProject
Project("{2150E333-8FDC-42A3-9474-1A3956D46DE8}") = "Gateways", "Gateways", "{D4BF8253-A37C-4433-9270-B25FE17F9D26}"
EndProject
Project("{FAE04EC0-301F-11D3-BF4B-00C04F79EFBC}") = "MoneyBee.ApiGateway", "src\Gateways\MoneyBee.ApiGateway\MoneyBee.ApiGateway.csproj", "{B351873D-1193-4B02-9DD4-B7DE44B4DCB7}"
EndProject
Project("{2150E333-8FDC-42A3-9474-1A3956D46DE8}") = "Services", "Services", "{32877B30-C719-4D46-BD16-E42070964317}"
EndProject
Project("{2150E333-8FDC-42A3-9474-1A3956D46DE8}") = "Auth", "Auth", "{07AE082C-256B-4276-BF83-4835869F57F3}"
EndProject
Project("{FAE04EC0-301F-11D3-BF4B-00C04F79EFBC}") = "MoneyBee.Auth.API", "src\Services\Auth\MoneyBee.Auth.API\MoneyBee.Auth.API.csproj", "{BA033750-5B9D-4401-B58E-C8364D80EBAC}"
EndProject
Project("{FAE04EC0-301F-11D3-BF4B-00C04F79EFBC}") = "MoneyBee.Auth.Contracts", "src\Services\Auth\MoneyBee.Auth.Contracts\MoneyBee.Auth.Contracts.csproj", "{35FE93EF-E2C1-4497-962A-6D5292273DC6}"
EndProject
Project("{FAE04EC0-301F-11D3-BF4B-00C04F79EFBC}") = "MoneyBee.Auth.Domain", "src\Services\Auth\MoneyBee.Auth.Domain\MoneyBee.Auth.Domain.csproj", "{A61AF415-734B-4521-B6B5-8D64234BF088}"
EndProject
Project("{FAE04EC0-301F-11D3-BF4B-00C04F79EFBC}") = "MoneyBee.Auth.Abstraction", "src\Services\Auth\MoneyBee.Auth.Abstraction\MoneyBee.Auth.Abstraction.csproj", "{BC39D2CD-E79E-4069-BD63-A96DDD3B8A36}"
EndProject
Project("{FAE04EC0-301F-11D3-BF4B-00C04F79EFBC}") = "MoneyBee.Auth.UseCase", "src\Services\Auth\MoneyBee.Auth.UseCase\MoneyBee.Auth.UseCase.csproj", "{6EE60583-2624-4E44-B0B1-2AD62798EEB0}"
EndProject
Project("{FAE04EC0-301F-11D3-BF4B-00C04F79EFBC}") = "MoneyBee.Auth.Repository", "src\Services\Auth\MoneyBee.Auth.Repository\MoneyBee.Auth.Repository.csproj", "{0314CF38-8EDE-4EFF-B6F8-E4EAD472AFD1}"
EndProject
Project("{FAE04EC0-301F-11D3-BF4B-00C04F79EFBC}") = "MoneyBee.Auth.Infrastructure", "src\Services\Auth\MoneyBee.Auth.Infrastructure\MoneyBee.Auth.Infrastructure.csproj", "{4FC4F4F9-51AA-49EE-96EE-9637EA9C69B4}"
EndProject
Project("{2150E333-8FDC-42A3-9474-1A3956D46DE8}") = "Customer", "Customer", "{B79289B6-1E50-492A-80EE-D2381D925B41}"
EndProject
Project("{FAE04EC0-301F-11D3-BF4B-00C04F79EFBC}") = "MoneyBee.Customer.API", "src\Services\Customer\MoneyBee.Customer.API\MoneyBee.Customer.API.csproj", "{514D8AA6-B674-46CB-95A8-5A4D15DEE17D}"
EndProject
Project("{FAE04EC0-301F-11D3-BF4B-00C04F79EFBC}") = "MoneyBee.Customer.Contracts", "src\Services\Customer\MoneyBee.Customer.Contracts\MoneyBee.Customer.Contracts.csproj", "{E6127393-77F3-4C2B-AB42-437238CC5DA3}"
EndProject
Project("{FAE04EC0-301F-11D3-BF4B-00C04F79EFBC}") = "MoneyBee.Customer.Domain", "src\Services\Customer\MoneyBee.Customer.Domain\MoneyBee.Customer.Domain.csproj", "{6B28EBA6-AE9C-4005-87C9-FC20BFAE8264}"
EndProject
Project("{FAE04EC0-301F-11D3-BF4B-00C04F79EFBC}") = "MoneyBee.Customer.Abstraction", "src\Services\Customer\MoneyBee.Customer.Abstraction\MoneyBee.Customer.Abstraction.csproj", "{2F523E5B-55AC-4842-BDEC-1F5989795A24}"
EndProject
Project("{FAE04EC0-301F-11D3-BF4B-00C04F79EFBC}") = "MoneyBee.Customer.UseCase", "src\Services\Customer\MoneyBee.Customer.UseCase\MoneyBee.Customer.UseCase.csproj", "{EDD10462-278C-43F1-81D4-A55EB50D008B}"
EndProject
Project("{FAE04EC0-301F-11D3-BF4B-00C04F79EFBC}") = "MoneyBee.Customer.Repository", "src\Services\Customer\MoneyBee.Customer.Repository\MoneyBee.Customer.Repository.csproj", "{A3A6007D-D02D-49EB-85A1-49A24101D9ED}"
EndProject
Project("{FAE04EC0-301F-11D3-BF4B-00C04F79EFBC}") = "MoneyBee.Customer.Infrastructure", "src\Services\Customer\MoneyBee.Customer.Infrastructure\MoneyBee.Customer.Infrastructure.csproj", "{6A73E995-8E7A-460C-94B1-90C4F0EAD6F2}"
EndProject
Project("{2150E333-8FDC-42A3-9474-1A3956D46DE8}") = "Transfer", "Transfer", "{A4AB063E-9578-4369-8C8F-22D5E35D9087}"
EndProject
Project("{FAE04EC0-301F-11D3-BF4B-00C04F79EFBC}") = "MoneyBee.Transfer.API", "src\Services\Transfer\MoneyBee.Transfer.API\MoneyBee.Transfer.API.csproj", "{34BFB284-4734-445D-828B-DAA251482122}"
EndProject
Project("{FAE04EC0-301F-11D3-BF4B-00C04F79EFBC}") = "MoneyBee.Transfer.Contracts", "src\Services\Transfer\MoneyBee.Transfer.Contracts\MoneyBee.Transfer.Contracts.csproj", "{3A47AACA-DD44-4A9C-A071-2A0DB4A8F8CE}"
EndProject
Project("{FAE04EC0-301F-11D3-BF4B-00C04F79EFBC}") = "MoneyBee.Transfer.Domain", "src\Services\Transfer\MoneyBee.Transfer.Domain\MoneyBee.Transfer.Domain.csproj", "{FCDA4043-C8D3-4C16-BB63-EDC78D8B589E}"
EndProject
Project("{FAE04EC0-301F-11D3-BF4B-00C04F79EFBC}") = "MoneyBee.Transfer.Abstraction", "src\Services\Transfer\MoneyBee.Transfer.Abstraction\MoneyBee.Transfer.Abstraction.csproj", "{36E3C576-61FA-4EC5-BB32-27CB825FDB32}"
EndProject
Project("{FAE04EC0-301F-11D3-BF4B-00C04F79EFBC}") = "MoneyBee.Transfer.UseCase", "src\Services\Transfer\MoneyBee.Transfer.UseCase\MoneyBee.Transfer.UseCase.csproj", "{6CCEE665-E9AB-4A29-B44A-D352AD4080B4}"
EndProject
Project("{FAE04EC0-301F-11D3-BF4B-00C04F79EFBC}") = "MoneyBee.Transfer.Repository", "src\Services\Transfer\MoneyBee.Transfer.Repository\MoneyBee.Transfer.Repository.csproj", "{6ABA3262-8D67-4310-A607-68902B1653EB}"
EndProject
Project("{FAE04EC0-301F-11D3-BF4B-00C04F79EFBC}") = "MoneyBee.Transfer.Infrastructure", "src\Services\Transfer\MoneyBee.Transfer.Infrastructure\MoneyBee.Transfer.Infrastructure.csproj", "{220BE15D-8D10-40AD-9735-55DF52AD7BA0}"
EndProject
Project("{2150E333-8FDC-42A3-9474-1A3956D46DE8}") = "tests", "tests", "{600AB76E-0FF1-4D7A-B714-6134977F13B7}"
EndProject
Project("{FAE04EC0-301F-11D3-BF4B-00C04F79EFBC}") = "MoneyBee.Auth.UnitTests", "tests\MoneyBee.Auth.UnitTests\MoneyBee.Auth.UnitTests.csproj", "{7814688C-52D5-481D-847D-5EAEB28EAB14}"
EndProject
Project("{FAE04EC0-301F-11D3-BF4B-00C04F79EFBC}") = "MoneyBee.Customer.UnitTests", "tests\MoneyBee.Customer.UnitTests\MoneyBee.Customer.UnitTests.csproj", "{D608CD25-DA1F-4660-8D70-0388C5C7AB25}"
EndProject
Project("{FAE04EC0-301F-11D3-BF4B-00C04F79EFBC}") = "MoneyBee.Transfer.UnitTests", "tests\MoneyBee.Transfer.UnitTests\MoneyBee.Transfer.UnitTests.csproj", "{4F990D92-3AC8-4DC3-9B55-C24824A07CA8}"
EndProject
Project("{FAE04EC0-301F-11D3-BF4B-00C04F79EFBC}") = "MoneyBee.ArchitectureTests", "tests\MoneyBee.ArchitectureTests\MoneyBee.ArchitectureTests.csproj", "{11ACADB1-3C20-4556-8196-93F26F8F89DD}"
EndProject
Project("{FAE04EC0-301F-11D3-BF4B-00C04F79EFBC}") = "MoneyBee.IntegrationTests", "tests\MoneyBee.IntegrationTests\MoneyBee.IntegrationTests.csproj", "{7ECF2482-30B8-4C01-B378-7D711BD56B94}"
EndProject
Project("{FAE04EC0-301F-11D3-BF4B-00C04F79EFBC}") = "MoneyBee.Auth.Application", "src\Services\Auth\MoneyBee.Auth.Application\MoneyBee.Auth.Application.csproj", "{632FDD80-F0DF-4C93-A920-E72D3954CF57}"
EndProject
Project("{FAE04EC0-301F-11D3-BF4B-00C04F79EFBC}") = "MoneyBee.Customer.Application", "src\Services\Customer\MoneyBee.Customer.Application\MoneyBee.Customer.Application.csproj", "{7DDC2FA7-E749-4A53-8199-82E7416FEBE4}"
EndProject
Project("{FAE04EC0-301F-11D3-BF4B-00C04F79EFBC}") = "MoneyBee.Transfer.Application", "src\Services\Transfer\MoneyBee.Transfer.Application\MoneyBee.Transfer.Application.csproj", "{33AB68F5-B73F-4BC2-901C-40DF122C8773}"
EndProject
Project("{FAE04EC0-301F-11D3-BF4B-00C04F79EFBC}") = "MoneyBee.Shared.API", "src\Shared\MoneyBee.Shared.API\MoneyBee.Shared.API.csproj", "{5F8C37EF-9CCE-4BFC-8F0A-064C1A75F25D}"
EndProject
Project("{2150E333-8FDC-42A3-9474-1A3956D46DE8}") = "Solution Items", "Solution Items", "{1DB2BE0D-925C-4F9E-8C2E-0A03A9C0D613}"
	ProjectSection(SolutionItems) = preProject
		docker-compose.yml = docker-compose.yml
	EndProjectSection
EndProject
Project("{FAE04EC0-301F-11D3-BF4B-00C04F79EFBC}") = "MoneyBee.Application.UnitTests", "tests\MoneyBee.Application.UnitTests\MoneyBee.Application.UnitTests.csproj", "{D1ABCCFA-ACA0-4066-B651-B467F2872ED1}"
EndProject
Global
	GlobalSection(SolutionConfigurationPlatforms) = preSolution
		Debug|Any CPU = Debug|Any CPU
		Debug|x64 = Debug|x64
		Debug|x86 = Debug|x86
		Release|Any CPU = Release|Any CPU
		Release|x64 = Release|x64
		Release|x86 = Release|x86
	EndGlobalSection
	GlobalSection(ProjectConfigurationPlatforms) = postSolution
		{115050C0-528F-421C-87DF-D036C722362F}.Debug|Any CPU.ActiveCfg = Debug|Any CPU
		{115050C0-528F-421C-87DF-D036C722362F}.Debug|Any CPU.Build.0 = Debug|Any CPU
		{115050C0-528F-421C-87DF-D036C722362F}.Debug|x64.ActiveCfg = Debug|Any CPU
		{115050C0-528F-421C-87DF-D036C722362F}.Debug|x64.Build.0 = Debug|Any CPU
		{115050C0-528F-421C-87DF-D036C722362F}.Debug|x86.ActiveCfg = Debug|Any CPU
		{115050C0-528F-421C-87DF-D036C722362F}.Debug|x86.Build.0 = Debug|Any CPU
		{115050C0-528F-421C-87DF-D036C722362F}.Release|Any CPU.ActiveCfg = Release|Any CPU
		{115050C0-528F-421C-87DF-D036C722362F}.Release|Any CPU.Build.0 = Release|Any CPU
		{115050C0-528F-421C-87DF-D036C722362F}.Release|x64.ActiveCfg = Release|Any CPU
		{115050C0-528F-421C-87DF-D036C722362F}.Release|x64.Build.0 = Release|Any CPU
		{115050C0-528F-421C-87DF-D036C722362F}.Release|x86.ActiveCfg = Release|Any CPU
		{115050C0-528F-421C-87DF-D036C722362F}.Release|x86.Build.0 = Release|Any CPU
		{1417EB4E-4461-4B41-9E25-21AC5FF09FB1}.Debug|Any CPU.ActiveCfg = Debug|Any CPU
		{1417EB4E-4461-4B41-9E25-21AC5FF09FB1}.Debug|Any CPU.Build.0 = Debug|Any CPU
		{1417EB4E-4461-4B41-9E25-21AC5FF09FB1}.Debug|x64.ActiveCfg = Debug|Any CPU
		{1417EB4E-4461-4B41-9E25-21AC5FF09FB1}.Debug|x64.Build.0 = Debug|Any CPU
		{1417EB4E-4461-4B41-9E25-21AC5FF09FB1}.Debug|x86.ActiveCfg = Debug|Any CPU
		{1417EB4E-4461-4B41-9E25-21AC5FF09FB1}.Debug|x86.Build.0 = Debug|Any CPU
		{1417EB4E-4461-4B41-9E25-21AC5FF09FB1}.Release|Any CPU.ActiveCfg = Release|Any CPU
		{1417EB4E-4461-4B41-9E25-21AC5FF09FB1}.Release|Any CPU.Build.0 = Release|Any CPU
		{1417EB4E-4461-4B41-9E25-21AC5FF09FB1}.Release|x64.ActiveCfg = Release|Any CPU
		{1417EB4E-4461-4B41-9E25-21AC5FF09FB1}.Release|x64.Build.0 = Release|Any CPU
		{1417EB4E-4461-4B41-9E25-21AC5FF09FB1}.Release|x86.ActiveCfg = Release|Any CPU
		{1417EB4E-4461-4B41-9E25-21AC5FF09FB1}.Release|x86.Build.0 = Release|Any CPU
		{B351873D-1193-4B02-9DD4-B7DE44B4DCB7}.Debug|Any CPU.ActiveCfg = Debug|Any CPU
		{B351873D-1193-4B02-9DD4-B7DE44B4DCB7}.Debug|Any CPU.Build.0 = Debug|Any CPU
		{B351873D-1193-4B02-9DD4-B7DE44B4DCB7}.Debug|x64.ActiveCfg = Debug|Any CPU
		{B351873D-1193-4B02-9DD4-B7DE44B4DCB7}.Debug|x64.Build.0 = Debug|Any CPU
		{B351873D-1193-4B02-9DD4-B7DE44B4DCB7}.Debug|x86.ActiveCfg = Debug|Any CPU
		{B351873D-1193-4B02-9DD4-B7DE44B4DCB7}.Debug|x86.Build.0 = Debug|Any CPU
		{B351873D-1193-4B02-9DD4-B7DE44B4DCB7}.Release|Any CPU.ActiveCfg = Release|Any CPU
		{B351873D-1193-4B02-9DD4-B7DE44B4DCB7}.Release|Any CPU.Build.0 = Release|Any CPU
		{B351873D-1193-4B02-9DD4-B7DE44B4DCB7}.Release|x64.ActiveCfg = Release|Any CPU
		{B351873D-1193-4B02-9DD4-B7DE44B4DCB7}.Release|x64.Build.0 = Release|Any CPU
		{B351873D-1193-4B02-9DD4-B7DE44B4DCB7}.Release|x86.ActiveCfg = Release|Any CPU
		{B351873D-1193-4B02-9DD4-B7DE44B4DCB7}.Release|x86.Build.0 = Release|Any CPU
		{BA033750-5B9D-4401-B58E-C8364D80EBAC}.Debug|Any CPU.ActiveCfg = Debug|Any CPU
		{BA033750-5B9D-4401-B58E-C8364D80EBAC}.Debug|Any CPU.Build.0 = Debug|Any CPU
		{BA033750-5B9D-4401-B58E-C8364D80EBAC}.Debug|x64.ActiveCfg = Debug|Any CPU
		{BA033750-5B9D-4401-B58E-C8364D80EBAC}.Debug|x64.Build.0 = Debug|Any CPU
		{BA033750-5B9D-4401-B58E-C8364D80EBAC}.Debug|x86.ActiveCfg = Debug|Any CPU
		{BA033750-5B9D-4401-B58E-C8364D80EBAC}.Debug|x86.Build.0 = Debug|Any CPU
		{BA033750-5B9D-4401-B58E-C8364D80EBAC}.Release|Any CPU.ActiveCfg = Release|Any CPU
		{BA033750-5B9D-4401-B58E-C8364D80EBAC}.Release|Any CPU.Build.0 = Release|Any CPU
		{BA033750-5B9D-4401-B58E-C8364D80EBAC}.Release|x64.ActiveCfg = Release|Any CPU
		{BA033750-5B9D-4401-B58E-C8364D80EBAC}.Release|x64.Build.0 = Release|Any CPU
		{BA033750-5B9D-4401-B58E-C8364D80EBAC}.Release|x86.ActiveCfg = Release|Any CPU
		{BA033750-5B9D-4401-B58E-C8364D80EBAC}.Release|x86.Build.0 = Release|Any CPU
		{35FE93EF-E2C1-4497-962A-6D5292273DC6}.Debug|Any CPU.ActiveCfg = Debug|Any CPU
		{35FE93EF-E2C1-4497-962A-6D5292273DC6}.Debug|Any CPU.Build.0 = Debug|Any CPU
		{35FE93EF-E2C1-4497-962A-6D5292273DC6}.Debug|x64.ActiveCfg = Debug|Any CPU
		{35FE93EF-E2C1-4497-962A-6D5292273DC6}.Debug|x64.Build.0 = Debug|Any CPU
		{35FE93EF-E2C1-4497-962A-6D5292273DC6}.Debug|x86.ActiveCfg = Debug|Any CPU
		{35FE93EF-E2C1-4497-962A-6D5292273DC6}.Debug|x86.Build.0 = Debug|Any CPU
		{35FE93EF-E2C1-4497-962A-6D5292273DC6}.Release|Any CPU.ActiveCfg = Release|Any CPU
		{35FE93EF-E2C1-4497-962A-6D5292273DC6}.Release|Any CPU.Build.0 = Release|Any CPU
		{35FE93EF-E2C1-4497-962A-6D5292273DC6}.Release|x64.ActiveCfg = Release|Any CPU
		{35FE93EF-E2C1-4497-962A-6D5292273DC6}.Release|x64.Build.0 = Release|Any CPU
		{35FE93EF-E2C1-4497-962A-6D5292273DC6}.Release|x86.ActiveCfg = Release|Any CPU
		{35FE93EF-E2C1-4497-962A-6D5292273DC6}.Release|x86.Build.0 = Release|Any CPU
		{A61AF415-734B-4521-B6B5-8D64234BF088}.Debug|Any CPU.ActiveCfg = Debug|Any CPU
		{A61AF415-734B-4521-B6B5-8D64234BF088}.Debug|Any CPU.Build.0 = Debug|Any CPU
		{A61AF415-734B-4521-B6B5-8D64234BF088}.Debug|x64.ActiveCfg = Debug|Any CPU
		{A61AF415-734B-4521-B6B5-8D64234BF088}.Debug|x64.Build.0 = Debug|Any CPU
		{A61AF415-734B-4521-B6B5-8D64234BF088}.Debug|x86.ActiveCfg = Debug|Any CPU
		{A61AF415-734B-4521-B6B5-8D64234BF088}.Debug|x86.Build.0 = Debug|Any CPU
		{A61AF415-734B-4521-B6B5-8D64234BF088}.Release|Any CPU.ActiveCfg = Release|Any CPU
		{A61AF415-734B-4521-B6B5-8D64234BF088}.Release|Any CPU.Build.0 = Release|Any CPU
		{A61AF415-734B-4521-B6B5-8D64234BF088}.Release|x64.ActiveCfg = Release|Any CPU
		{A61AF415-734B-4521-B6B5-8D64234BF088}.Release|x64.Build.0 = Release|Any CPU
		{A61AF415-734B-4521-B6B5-8D64234BF088}.Release|x86.ActiveCfg = Release|Any CPU
		{A61AF415-734B-4521-B6B5-8D64234BF088}.Release|x86.Build.0 = Release|Any CPU
		{BC39D2CD-E79E-4069-BD63-A96DDD3B8A36}.Debug|Any CPU.ActiveCfg = Debug|Any CPU
		{BC39D2CD-E79E-4069-BD63-A96DDD3B8A36}.Debug|Any CPU.Build.0 = Debug|Any CPU
		{BC39D2CD-E79E-4069-BD63-A96DDD3B8A36}.Debug|x64.ActiveCfg = Debug|Any CPU
		{BC39D2CD-E79E-4069-BD63-A96DDD3B8A36}.Debug|x64.Build.0 = Debug|Any CPU
		{BC39D2CD-E79E-4069-BD63-A96DDD3B8A36}.Debug|x86.ActiveCfg = Debug|Any CPU
		{BC39D2CD-E79E-4069-BD63-A96DDD3B8A36}.Debug|x86.Build.0 = Debug|Any CPU
		{BC39D2CD-E79E-4069-BD63-A96DDD3B8A36}.Release|Any CPU.ActiveCfg = Release|Any CPU
		{BC39D2CD-E79E-4069-BD63-A96DDD3B8A36}.Release|Any CPU.Build.0 = Release|Any CPU
		{BC39D2CD-E79E-4069-BD63-A96DDD3B8A36}.Release|x64.ActiveCfg = Release|Any CPU
		{BC39D2CD-E79E-4069-BD63-A96DDD3B8A36}.Release|x64.Build.0 = Release|Any CPU
		{BC39D2CD-E79E-4069-BD63-A96DDD3B8A36}.Release|x86.ActiveCfg = Release|Any CPU
		{BC39D2CD-E79E-4069-BD63-A96DDD3B8A36}.Release|x86.Build.0 = Release|Any CPU
		{6EE60583-2624-4E44-B0B1-2AD62798EEB0}.Debug|Any CPU.ActiveCfg = Debug|Any CPU
		{6EE60583-2624-4E44-B0B1-2AD62798EEB0}.Debug|Any CPU.Build.0 = Debug|Any CPU
		{6EE60583-2624-4E44-B0B1-2AD62798EEB0}.Debug|x64.ActiveCfg = Debug|Any CPU
		{6EE60583-2624-4E44-B0B1-2AD62798EEB0}.Debug|x64.Build.0 = Debug|Any CPU
		{6EE60583-2624-4E44-B0B1-2AD62798EEB0}.Debug|x86.ActiveCfg = Debug|Any CPU
		{6EE60583-2624-4E44-B0B1-2AD62798EEB0}.Debug|x86.Build.0 = Debug|Any CPU
		{6EE60583-2624-4E44-B0B1-2AD62798EEB0}.Release|Any CPU.ActiveCfg = Release|Any CPU
		{6EE60583-2624-4E44-B0B1-2AD62798EEB0}.Release|Any CPU.Build.0 = Release|Any CPU
		{6EE60583-2624-4E44-B0B1-2AD62798EEB0}.Release|x64.ActiveCfg = Release|Any CPU
		{6EE60583-2624-4E44-B0B1-2AD62798EEB0}.Release|x64.Build.0 = Release|Any CPU
		{6EE60583-2624-4E44-B0B1-2AD62798EEB0}.Release|x86.ActiveCfg = Release|Any CPU
		{6EE60583-2624-4E44-B0B1-2AD62798EEB0}.Release|x86.Build.0 = Release|Any CPU
		{0314CF38-8EDE-4EFF-B6F8-E4EAD472AFD1}.Debug|Any CPU.ActiveCfg = Debug|Any CPU
		{0314CF38-8EDE-4EFF-B6F8-E4EAD472AFD1}.Debug|Any CPU.Build.0 = Debug|Any CPU
		{0314CF38-8EDE-4EFF-B6F8-E4EAD472AFD1}.Debug|x64.ActiveCfg = Debug|Any CPU
		{0314CF38-8EDE-4EFF-B6F8-E4EAD472AFD1}.Debug|x64.Build.0 = Debug|Any CPU
		{0314CF38-8EDE-4EFF-B6F8-E4EAD472AFD1}.Debug|x86.ActiveCfg = Debug|Any CPU
		{0314CF38-8EDE-4EFF-B6F8-E4EAD472AFD1}.Debug|x86.Build.0 = Debug|Any CPU
		{0314CF38-8EDE-4EFF-B6F8-E4EAD472AFD1}.Release|Any CPU.ActiveCfg = Release|Any CPU
		{0314CF38-8EDE-4EFF-B6F8-E4EAD472AFD1}.Release|Any CPU.Build.0 = Release|Any CPU
		{0314CF38-8EDE-4EFF-B6F8-E4EAD472AFD1}.Release|x64.ActiveCfg = Release|Any CPU
		{0314CF38-8EDE-4EFF-B6F8-E4EAD472AFD1}.Release|x64.Build.0 = Release|Any CPU
		{0314CF38-8EDE-4EFF-B6F8-E4EAD472AFD1}.Release|x86.ActiveCfg = Release|Any CPU
		{0314CF38-8EDE-4EFF-B6F8-E4EAD472AFD1}.Release|x86.Build.0 = Release|Any CPU
		{4FC4F4F9-51AA-49EE-96EE-9637EA9C69B4}.Debug|Any CPU.ActiveCfg = Debug|Any CPU
		{4FC4F4F9-51AA-49EE-96EE-9637EA9C69B4}.Debug|Any CPU.Build.0 = Debug|Any CPU
		{4FC4F4F9-51AA-49EE-96EE-9637EA9C69B4}.Debug|x64.ActiveCfg = Debug|Any CPU
		{4FC4F4F9-51AA-49EE-96EE-9637EA9C69B4}.Debug|x64.Build.0 = Debug|Any CPU
		{4FC4F4F9-51AA-49EE-96EE-9637EA9C69B4}.Debug|x86.ActiveCfg = Debug|Any CPU
		{4FC4F4F9-51AA-49EE-96EE-9637EA9C69B4}.Debug|x86.Build.0 = Debug|Any CPU
		{4FC4F4F9-51AA-49EE-96EE-9637EA9C69B4}.Release|Any CPU.ActiveCfg = Release|Any CPU
		{4FC4F4F9-51AA-49EE-96EE-9637EA9C69B4}.Release|Any CPU.Build.0 = Release|Any CPU
		{4FC4F4F9-51AA-49EE-96EE-9637EA9C69B4}.Release|x64.ActiveCfg = Release|Any CPU
		{4FC4F4F9-51AA-49EE-96EE-9637EA9C69B4}.Release|x64.Build.0 = Release|Any CPU
		{4FC4F4F9-51AA-49EE-96EE-9637EA9C69B4}.Release|x86.ActiveCfg = Release|Any CPU
		{4FC4F4F9-51AA-49EE-96EE-9637EA9C69B4}.Release|x86.Build.0 = Release|Any CPU
		{514D8AA6-B674-46CB-95A8-5A4D15DEE17D}.Debug|Any CPU.ActiveCfg = Debug|Any CPU
		{514D8AA6-B674-46CB-95A8-5A4D15DEE17D}.Debug|Any CPU.Build.0 = Debug|Any CPU
		{514D8AA6-B674-46CB-95A8-5A4D15DEE17D}.Debug|x64.ActiveCfg = Debug|Any CPU
		{514D8AA6-B674-46CB-95A8-5A4D15DEE17D}.Debug|x64.Build.0 = Debug|Any CPU
		{514D8AA6-B674-46CB-95A8-5A4D15DEE17D}.Debug|x86.ActiveCfg = Debug|Any CPU
		{514D8AA6-B674-46CB-95A8-5A4D15DEE17D}.Debug|x86.Build.0 = Debug|Any CPU
		{514D8AA6-B674-46CB-95A8-5A4D15DEE17D}.Release|Any CPU.ActiveCfg = Release|Any CPU
		{514D8AA6-B674-46CB-95A8-5A4D15DEE17D}.Release|Any CPU.Build.0 = Release|Any CPU
		{514D8AA6-B674-46CB-95A8-5A4D15DEE17D}.Release|x64.ActiveCfg = Release|Any CPU
		{514D8AA6-B674-46CB-95A8-5A4D15DEE17D}.Release|x64.Build.0 = Release|Any CPU
		{514D8AA6-B674-46CB-95A8-5A4D15DEE17D}.Release|x86.ActiveCfg = Release|Any CPU
		{514D8AA6-B674-46CB-95A8-5A4D15DEE17D}.Release|x86.Build.0 = Release|Any CPU
		{E6127393-77F3-4C2B-AB42-437238CC5DA3}.Debug|Any CPU.ActiveCfg = Debug|Any CPU
		{E6127393-77F3-4C2B-AB42-437238CC5DA3}.Debug|Any CPU.Build.0 = Debug|Any CPU
		{E6127393-77F3-4C2B-AB42-437238CC5DA3}.Debug|x64.ActiveCfg = Debug|Any CPU
		{E6127393-77F3-4C2B-AB42-437238CC5DA3}.Debug|x64.Build.0 = Debug|Any CPU
		{E6127393-77F3-4C2B-AB42-437238CC5DA3}.Debug|x86.ActiveCfg = Debug|Any CPU
		{E6127393-77F3-4C2B-AB42-437238CC5DA3}.Debug|x86.Build.0 = Debug|Any CPU
		{E6127393-77F3-4C2B-AB42-437238CC5DA3}.Release|Any CPU.ActiveCfg = Release|Any CPU
		{E6127393-77F3-4C2B-AB42-437238CC5DA3}.Release|Any CPU.Build.0 = Release|Any CPU
		{E6127393-77F3-4C2B-AB42-437238CC5DA3}.Release|x64.ActiveCfg = Release|Any CPU
		{E6127393-77F3-4C2B-AB42-437238CC5DA3}.Release|x64.Build.0 = Release|Any CPU
		{E6127393-77F3-4C2B-AB42-437238CC5DA3}.Release|x86.ActiveCfg = Release|Any CPU
		{E6127393-77F3-4C2B-AB42-437238CC5DA3}.Release|x86.Build.0 = Release|Any CPU
		{6B28EBA6-AE9C-4005-87C9-FC20BFAE8264}.Debug|Any CPU.ActiveCfg = Debug|Any CPU
		{6B28EBA6-AE9C-4005-87C9-FC20BFAE8264}.Debug|Any CPU.Build.0 = Debug|Any CPU
		{6B28EBA6-AE9C-4005-87C9-FC20BFAE8264}.Debug|x64.ActiveCfg = Debug|Any CPU
		{6B28EBA6-AE9C-4005-87C9-FC20BFAE8264}.Debug|x64.Build.0 = Debug|Any CPU
		{6B28EBA6-AE9C-4005-87C9-FC20BFAE8264}.Debug|x86.ActiveCfg = Debug|Any CPU
		{6B28EBA6-AE9C-4005-87C9-FC20BFAE8264}.Debug|x86.Build.0 = Debug|Any CPU
		{6B28EBA6-AE9C-4005-87C9-FC20BFAE8264}.Release|Any CPU.ActiveCfg = Release|Any CPU
		{6B28EBA6-AE9C-4005-87C9-FC20BFAE8264}.Release|Any CPU.Build.0 = Release|Any CPU
		{6B28EBA6-AE9C-4005-87C9-FC20BFAE8264}.Release|x64.ActiveCfg = Release|Any CPU
		{6B28EBA6-AE9C-4005-87C9-FC20BFAE8264}.Release|x64.Build.0 = Release|Any CPU
		{6B28EBA6-AE9C-4005-87C9-FC20BFAE8264}.Release|x86.ActiveCfg = Release|Any CPU
		{6B28EBA6-AE9C-4005-87C9-FC20BFAE8264}.Release|x86.Build.0 = Release|Any CPU
		{2F523E5B-55AC-4842-BDEC-1F5989795A24}.Debug|Any CPU.ActiveCfg = Debug|Any CPU
		{2F523E5B-55AC-4842-BDEC-1F5989795A24}.Debug|Any CPU.Build.0 = Debug|Any CPU
		{2F523E5B-55AC-4842-BDEC-1F5989795A24}.Debug|x64.ActiveCfg = Debug|Any CPU
		{2F523E5B-55AC-4842-BDEC-1F5989795A24}.Debug|x64.Build.0 = Debug|Any CPU
		{2F523E5B-55AC-4842-BDEC-1F5989795A24}.Debug|x86.ActiveCfg = Debug|Any CPU
		{2F523E5B-55AC-4842-BDEC-1F5989795A24}.Debug|x86.Build.0 = Debug|Any CPU
		{2F523E5B-55AC-4842-BDEC-1F5989795A24}.Release|Any CPU.ActiveCfg = Release|Any CPU
		{2F523E5B-55AC-4842-BDEC-1F5989795A24}.Release|Any CPU.Build.0 = Release|Any CPU
		{2F523E5B-55AC-4842-BDEC-1F5989795A24}.Release|x64.ActiveCfg = Release|Any CPU
		{2F523E5B-55AC-4842-BDEC-1F5989795A24}.Release|x64.Build.0 = Release|Any CPU
		{2F523E5B-55AC-4842-BDEC-1F5989795A24}.Release|x86.ActiveCfg = Release|Any CPU
		{2F523E5B-55AC-4842-BDEC-1F5989795A24}.Release|x86.Build.0 = Release|Any CPU
		{EDD10462-278C-43F1-81D4-A55EB50D008B}.Debug|Any CPU.ActiveCfg = Debug|Any CPU
		{EDD10462-278C-43F1-81D4-A55EB50D008B}.Debug|Any CPU.Build.0 = Debug|Any CPU
		{EDD10462-278C-43F1-81D4-A55EB50D008B}.Debug|x64.ActiveCfg = Debug|Any CPU
		{EDD10462-278C-43F1-81D4-A55EB50D008B}.Debug|x64.Build.0 = Debug|Any CPU
		{EDD10462-278C-43F1-81D4-A55EB50D008B}.Debug|x86.ActiveCfg = Debug|Any CPU
		{EDD10462-278C-43F1-81D4-A55EB50D008B}.Debug|x86.Build.0 = Debug|Any CPU
		{EDD10462-278C-43F1-81D4-A55EB50D008B}.Release|Any CPU.ActiveCfg = Release|Any CPU
		{EDD10462-278C-43F1-81D4-A55EB50D008B}.Release|Any CPU.Build.0 = Release|Any CPU
		{EDD10462-278C-43F1-81D4-A55EB50D008B}.Release|x64.ActiveCfg = Release|Any CPU
		{EDD10462-278C-43F1-81D4-A55EB50D008B}.Release|x64.Build.0 = Release|Any CPU
		{EDD10462-278C-43F1-81D4-A55EB50D008B}.Release|x86.ActiveCfg = Release|Any CPU
		{EDD10462-278C-43F1-81D4-A55EB50D008B}.Release|x86.Build.0 = Release|Any CPU
		{A3A6007D-D02D-49EB-85A1-49A24101D9ED}.Debug|Any CPU.ActiveCfg = Debug|Any CPU
		{A3A6007D-D02D-49EB-85A1-49A24101D9ED}.Debug|Any CPU.Build.0 = Debug|Any CPU
		{A3A6007D-D02D-49EB-85A1-49A24101D9ED}.Debug|x64.ActiveCfg = Debug|Any CPU
		{A3A6007D-D02D-49EB-85A1-49A24101D9ED}.Debug|x64.Build.0 = Debug|Any CPU
		{A3A6007D-D02D-49EB-85A1-49A24101D9ED}.Debug|x86.ActiveCfg = Debug|Any CPU
		{A3A6007D-D02D-49EB-85A1-49A24101D9ED}.Debug|x86.Build.0 = Debug|Any CPU
		{A3A6007D-D02D-49EB-85A1-49A24101D9ED}.Release|Any CPU.ActiveCfg = Release|Any CPU
		{A3A6007D-D02D-49EB-85A1-49A24101D9ED}.Release|Any CPU.Build.0 = Release|Any CPU
		{A3A6007D-D02D-49EB-85A1-49A24101D9ED}.Release|x64.ActiveCfg = Release|Any CPU
		{A3A6007D-D02D-49EB-85A1-49A24101D9ED}.Release|x64.Build.0 = Release|Any CPU
		{A3A6007D-D02D-49EB-85A1-49A24101D9ED}.Release|x86.ActiveCfg = Release|Any CPU
		{A3A6007D-D02D-49EB-85A1-49A24101D9ED}.Release|x86.Build.0 = Release|Any CPU
		{6A73E995-8E7A-460C-94B1-90C4F0EAD6F2}.Debug|Any CPU.ActiveCfg = Debug|Any CPU
		{6A73E995-8E7A-460C-94B1-90C4F0EAD6F2}.Debug|Any CPU.Build.0 = Debug|Any CPU
		{6A73E995-8E7A-460C-94B1-90C4F0EAD6F2}.Debug|x64.ActiveCfg = Debug|Any CPU
		{6A73E995-8E7A-460C-94B1-90C4F0EAD6F2}.Debug|x64.Build.0 = Debug|Any CPU
		{6A73E995-8E7A-460C-94B1-90C4F0EAD6F2}.Debug|x86.ActiveCfg = Debug|Any CPU
		{6A73E995-8E7A-460C-94B1-90C4F0EAD6F2}.Debug|x86.Build.0 = Debug|Any CPU
		{6A73E995-8E7A-460C-94B1-90C4F0EAD6F2}.Release|Any CPU.ActiveCfg = Release|Any CPU
		{6A73E995-8E7A-460C-94B1-90C4F0EAD6F2}.Release|Any CPU.Build.0 = Release|Any CPU
		{6A73E995-8E7A-460C-94B1-90C4F0EAD6F2}.Release|x64.ActiveCfg = Release|Any CPU
		{6A73E995-8E7A-460C-94B1-90C4F0EAD6F2}.Release|x64.Build.0 = Release|Any CPU
		{6A73E995-8E7A-460C-94B1-90C4F0EAD6F2}.Release|x86.ActiveCfg = Release|Any CPU
		{6A73E995-8E7A-460C-94B1-90C4F0EAD6F2}.Release|x86.Build.0 = Release|Any CPU
		{34BFB284-4734-445D-828B-DAA251482122}.Debug|Any CPU.ActiveCfg = Debug|Any CPU
		{34BFB284-4734-445D-828B-DAA251482122}.Debug|Any CPU.Build.0 = Debug|Any CPU
		{34BFB284-4734-445D-828B-DAA251482122}.Debug|x64.ActiveCfg = Debug|Any CPU
		{34BFB284-4734-445D-828B-DAA251482122}.Debug|x64.Build.0 = Debug|Any CPU
		{34BFB284-4734-445D-828B-DAA251482122}.Debug|x86.ActiveCfg = Debug|Any CPU
		{34BFB284-4734-445D-828B-DAA251482122}.Debug|x86.Build.0 = Debug|Any CPU
		{34BFB284-4734-445D-828B-DAA251482122}.Release|Any CPU.ActiveCfg = Release|Any CPU
		{34BFB284-4734-445D-828B-DAA251482122}.Release|Any CPU.Build.0 = Release|Any CPU
		{34BFB284-4734-445D-828B-DAA251482122}.Release|x64.ActiveCfg = Release|Any CPU
		{34BFB284-4734-445D-828B-DAA251482122}.Release|x64.Build.0 = Release|Any CPU
		{34BFB284-4734-445D-828B-DAA251482122}.Release|x86.ActiveCfg = Release|Any CPU
		{34BFB284-4734-445D-828B-DAA251482122}.Release|x86.Build.0 = Release|Any CPU
		{3A47AACA-DD44-4A9C-A071-2A0DB4A8F8CE}.Debug|Any CPU.ActiveCfg = Debug|Any CPU
		{3A47AACA-DD44-4A9C-A071-2A0DB4A8F8CE}.Debug|Any CPU.Build.0 = Debug|Any CPU
		{3A47AACA-DD44-4A9C-A071-2A0DB4A8F8CE}.Debug|x64.ActiveCfg = Debug|Any CPU
		{3A47AACA-DD44-4A9C-A071-2A0DB4A8F8CE}.Debug|x64.Build.0 = Debug|Any CPU
		{3A47AACA-DD44-4A9C-A071-2A0DB4A8F8CE}.Debug|x86.ActiveCfg = Debug|Any CPU
		{3A47AACA-DD44-4A9C-A071-2A0DB4A8F8CE}.Debug|x86.Build.0 = Debug|Any CPU
		{3A47AACA-DD44-4A9C-A071-2A0DB4A8F8CE}.Release|Any CPU.ActiveCfg = Release|Any CPU
		{3A47AACA-DD44-4A9C-A071-2A0DB4A8F8CE}.Release|Any CPU.Build.0 = Release|Any CPU
		{3A47AACA-DD44-4A9C-A071-2A0DB4A8F8CE}.Release|x64.ActiveCfg = Release|Any CPU
		{3A47AACA-DD44-4A9C-A071-2A0DB4A8F8CE}.Release|x64.Build.0 = Release|Any CPU
		{3A47AACA-DD44-4A9C-A071-2A0DB4A8F8CE}.Release|x86.ActiveCfg = Release|Any CPU
		{3A47AACA-DD44-4A9C-A071-2A0DB4A8F8CE}.Release|x86.Build.0 = Release|Any CPU
		{FCDA4043-C8D3-4C16-BB63-EDC78D8B589E}.Debug|Any CPU.ActiveCfg = Debug|Any CPU
		{FCDA4043-C8D3-4C16-BB63-EDC78D8B589E}.Debug|Any CPU.Build.0 = Debug|Any CPU
		{FCDA4043-C8D3-4C16-BB63-EDC78D8B589E}.Debug|x64.ActiveCfg = Debug|Any CPU
		{FCDA4043-C8D3-4C16-BB63-EDC78D8B589E}.Debug|x64.Build.0 = Debug|Any CPU
		{FCDA4043-C8D3-4C16-BB63-EDC78D8B589E}.Debug|x86.ActiveCfg = Debug|Any CPU
		{FCDA4043-C8D3-4C16-BB63-EDC78D8B589E}.Debug|x86.Build.0 = Debug|Any CPU
		{FCDA4043-C8D3-4C16-BB63-EDC78D8B589E}.Release|Any CPU.ActiveCfg = Release|Any CPU
		{FCDA4043-C8D3-4C16-BB63-EDC78D8B589E}.Release|Any CPU.Build.0 = Release|Any CPU
		{FCDA4043-C8D3-4C16-BB63-EDC78D8B589E}.Release|x64.ActiveCfg = Release|Any CPU
		{FCDA4043-C8D3-4C16-BB63-EDC78D8B589E}.Release|x64.Build.0 = Release|Any CPU
		{FCDA4043-C8D3-4C16-BB63-EDC78D8B589E}.Release|x86.ActiveCfg = Release|Any CPU
		{FCDA4043-C8D3-4C16-BB63-EDC78D8B589E}.Release|x86.Build.0 = Release|Any CPU
		{36E3C576-61FA-4EC5-BB32-27CB825FDB32}.Debug|Any CPU.ActiveCfg = Debug|Any CPU
		{36E3C576-61FA-4EC5-BB32-27CB825FDB32}.Debug|Any CPU.Build.0 = Debug|Any CPU
		{36E3C576-61FA-4EC5-BB32-27CB825FDB32}.Debug|x64.ActiveCfg = Debug|Any CPU
		{36E3C576-61FA-4EC5-BB32-27CB825FDB32}.Debug|x64.Build.0 = Debug|Any CPU
		{36E3C576-61FA-4EC5-BB32-27CB825FDB32}.Debug|x86.ActiveCfg = Debug|Any CPU
		{36E3C576-61FA-4EC5-BB32-27CB825FDB32}.Debug|x86.Build.0 = Debug|Any CPU
		{36E3C576-61FA-4EC5-BB32-27CB825FDB32}.Release|Any CPU.ActiveCfg = Release|Any CPU
		{36E3C576-61FA-4EC5-BB32-27CB825FDB32}.Release|Any CPU.Build.0 = Release|Any CPU
		{36E3C576-61FA-4EC5-BB32-27CB825FDB32}.Release|x64.ActiveCfg = Release|Any CPU
		{36E3C576-61FA-4EC5-BB32-27CB825FDB32}.Release|x64.Build.0 = Release|Any CPU
		{36E3C576-61FA-4EC5-BB32-27CB825FDB32}.Release|x86.ActiveCfg = Release|Any CPU
		{36E3C576-61FA-4EC5-BB32-27CB825FDB32}.Release|x86.Build.0 = Release|Any CPU
		{6CCEE665-E9AB-4A29-B44A-D352AD4080B4}.Debug|Any CPU.ActiveCfg = Debug|Any CPU
		{6CCEE665-E9AB-4A29-B44A-D352AD4080B4}.Debug|Any CPU.Build.0 = Debug|Any CPU
		{6CCEE665-E9AB-4A29-B44A-D352AD4080B4}.Debug|x64.ActiveCfg = Debug|Any CPU
		{6CCEE665-E9AB-4A29-B44A-D352AD4080B4}.Debug|x64.Build.0 = Debug|Any CPU
		{6CCEE665-E9AB-4A29-B44A-D352AD4080B4}.Debug|x86.ActiveCfg = Debug|Any CPU
		{6CCEE665-E9AB-4A29-B44A-D352AD4080B4}.Debug|x86.Build.0 = Debug|Any CPU
		{6CCEE665-E9AB-4A29-B44A-D352AD4080B4}.Release|Any CPU.ActiveCfg = Release|Any CPU
		{6CCEE665-E9AB-4A29-B44A-D352AD4080B4}.Release|Any CPU.Build.0 = Release|Any CPU
		{6CCEE665-E9AB-4A29-B44A-D352AD4080B4}.Release|x64.ActiveCfg = Release|Any CPU
		{6CCEE665-E9AB-4A29-B44A-D352AD4080B4}.Release|x64.Build.0 = Release|Any CPU
		{6CCEE665-E9AB-4A29-B44A-D352AD4080B4}.Release|x86.ActiveCfg = Release|Any CPU
		{6CCEE665-E9AB-4A29-B44A-D352AD4080B4}.Release|x86.Build.0 = Release|Any CPU
		{6ABA3262-8D67-4310-A607-68902B1653EB}.Debug|Any CPU.ActiveCfg = Debug|Any CPU
		{6ABA3262-8D67-4310-A607-68902B1653EB}.Debug|Any CPU.Build.0 = Debug|Any CPU
		{6ABA3262-8D67-4310-A607-68902B1653EB}.Debug|x64.ActiveCfg = Debug|Any CPU
		{6ABA3262-8D67-4310-A607-68902B1653EB}.Debug|x64.Build.0 = Debug|Any CPU
		{6ABA3262-8D67-4310-A607-68902B1653EB}.Debug|x86.ActiveCfg = Debug|Any CPU
		{6ABA3262-8D67-4310-A607-68902B1653EB}.Debug|x86.Build.0 = Debug|Any CPU
		{6ABA3262-8D67-4310-A607-68902B1653EB}.Release|Any CPU.ActiveCfg = Release|Any CPU
		{6ABA3262-8D67-4310-A607-68902B1653EB}.Release|Any CPU.Build.0 = Release|Any CPU
		{6ABA3262-8D67-4310-A607-68902B1653EB}.Release|x64.ActiveCfg = Release|Any CPU
		{6ABA3262-8D67-4310-A607-68902B1653EB}.Release|x64.Build.0 = Release|Any CPU
		{6ABA3262-8D67-4310-A607-68902B1653EB}.Release|x86.ActiveCfg = Release|Any CPU
		{6ABA3262-8D67-4310-A607-68902B1653EB}.Release|x86.Build.0 = Release|Any CPU
		{220BE15D-8D10-40AD-9735-55DF52AD7BA0}.Debug|Any CPU.ActiveCfg = Debug|Any CPU
		{220BE15D-8D10-40AD-9735-55DF52AD7BA0}.Debug|Any CPU.Build.0 = Debug|Any CPU
		{220BE15D-8D10-40AD-9735-55DF52AD7BA0}.Debug|x64.ActiveCfg = Debug|Any CPU
		{220BE15D-8D10-40AD-9735-55DF52AD7BA0}.Debug|x64.Build.0 = Debug|Any CPU
		{220BE15D-8D10-40AD-9735-55DF52AD7BA0}.Debug|x86.ActiveCfg = Debug|Any CPU
		{220BE15D-8D10-40AD-9735-55DF52AD7BA0}.Debug|x86.Build.0 = Debug|Any CPU
		{220BE15D-8D10-40AD-9735-55DF52AD7BA0}.Release|Any CPU.ActiveCfg = Release|Any CPU
		{220BE15D-8D10-40AD-9735-55DF52AD7BA0}.Release|Any CPU.Build.0 = Release|Any CPU
		{220BE15D-8D10-40AD-9735-55DF52AD7BA0}.Release|x64.ActiveCfg = Release|Any CPU
		{220BE15D-8D10-40AD-9735-55DF52AD7BA0}.Release|x64.Build.0 = Release|Any CPU
		{220BE15D-8D10-40AD-9735-55DF52AD7BA0}.Release|x86.ActiveCfg = Release|Any CPU
		{220BE15D-8D10-40AD-9735-55DF52AD7BA0}.Release|x86.Build.0 = Release|Any CPU
		{7814688C-52D5-481D-847D-5EAEB28EAB14}.Debug|Any CPU.ActiveCfg = Debug|Any CPU
		{7814688C-52D5-481D-847D-5EAEB28EAB14}.Debug|Any CPU.Build.0 = Debug|Any CPU
		{7814688C-52D5-481D-847D-5EAEB28EAB14}.Debug|x64.ActiveCfg = Debug|Any CPU
		{7814688C-52D5-481D-847D-5EAEB28EAB14}.Debug|x64.Build.0 = Debug|Any CPU
		{7814688C-52D5-481D-847D-5EAEB28EAB14}.Debug|x86.ActiveCfg = Debug|Any CPU
		{7814688C-52D5-481D-847D-5EAEB28EAB14}.Debug|x86.Build.0 = Debug|Any CPU
		{7814688C-52D5-481D-847D-5EAEB28EAB14}.Release|Any CPU.ActiveCfg = Release|Any CPU
		{7814688C-52D5-481D-847D-5EAEB28EAB14}.Release|Any CPU.Build.0 = Release|Any CPU
		{7814688C-52D5-481D-847D-5EAEB28EAB14}.Release|x64.ActiveCfg = Release|Any CPU
		{7814688C-52D5-481D-847D-5EAEB28EAB14}.Release|x64.Build.0 = Release|Any CPU
		{7814688C-52D5-481D-847D-5EAEB28EAB14}.Release|x86.ActiveCfg = Release|Any CPU
		{7814688C-52D5-481D-847D-5EAEB28EAB14}.Release|x86.Build.0 = Release|Any CPU
		{D608CD25-DA1F-4660-8D70-0388C5C7AB25}.Debug|Any CPU.ActiveCfg = Debug|Any CPU
		{D608CD25-DA1F-4660-8D70-0388C5C7AB25}.Debug|Any CPU.Build.0 = Debug|Any CPU
		{D608CD25-DA1F-4660-8D70-0388C5C7AB25}.Debug|x64.ActiveCfg = Debug|Any CPU
		{D608CD25-DA1F-4660-8D70-0388C5C7AB25}.Debug|x64.Build.0 = Debug|Any CPU
		{D608CD25-DA1F-4660-8D70-0388C5C7AB25}.Debug|x86.ActiveCfg = Debug|Any CPU
		{D608CD25-DA1F-4660-8D70-0388C5C7AB25}.Debug|x86.Build.0 = Debug|Any CPU
		{D608CD25-DA1F-4660-8D70-0388C5C7AB25}.Release|Any CPU.ActiveCfg = Release|Any CPU
		{D608CD25-DA1F-4660-8D70-0388C5C7AB25}.Release|Any CPU.Build.0 = Release|Any CPU
		{D608CD25-DA1F-4660-8D70-0388C5C7AB25}.Release|x64.ActiveCfg = Release|Any CPU
		{D608CD25-DA1F-4660-8D70-0388C5C7AB25}.Release|x64.Build.0 = Release|Any CPU
		{D608CD25-DA1F-4660-8D70-0388C5C7AB25}.Release|x86.ActiveCfg = Release|Any CPU
		{D608CD25-DA1F-4660-8D70-0388C5C7AB25}.Release|x86.Build.0 = Release|Any CPU
		{4F990D92-3AC8-4DC3-9B55-C24824A07CA8}.Debug|Any CPU.ActiveCfg = Debug|Any CPU
		{4F990D92-3AC8-4DC3-9B55-C24824A07CA8}.Debug|Any CPU.Build.0 = Debug|Any CPU
		{4F990D92-3AC8-4DC3-9B55-C24824A07CA8}.Debug|x64.ActiveCfg = Debug|Any CPU
		{4F990D92-3AC8-4DC3-9B55-C24824A07CA8}.Debug|x64.Build.0 = Debug|Any CPU
		{4F990D92-3AC8-4DC3-9B55-C24824A07CA8}.Debug|x86.ActiveCfg = Debug|Any CPU
		{4F990D92-3AC8-4DC3-9B55-C24824A07CA8}.Debug|x86.Build.0 = Debug|Any CPU
		{4F990D92-3AC8-4DC3-9B55-C24824A07CA8}.Release|Any CPU.ActiveCfg = Release|Any CPU
		{4F990D92-3AC8-4DC3-9B55-C24824A07CA8}.Release|Any CPU.Build.0 = Release|Any CPU
		{4F990D92-3AC8-4DC3-9B55-C24824A07CA8}.Release|x64.ActiveCfg = Release|Any CPU
		{4F990D92-3AC8-4DC3-9B55-C24824A07CA8}.Release|x64.Build.0 = Release|Any CPU
		{4F990D92-3AC8-4DC3-9B55-C24824A07CA8}.Release|x86.ActiveCfg = Release|Any CPU
		{4F990D92-3AC8-4DC3-9B55-C24824A07CA8}.Release|x86.Build.0 = Release|Any CPU
		{11ACADB1-3C20-4556-8196-93F26F8F89DD}.Debug|Any CPU.ActiveCfg = Debug|Any CPU
		{11ACADB1-3C20-4556-8196-93F26F8F89DD}.Debug|Any CPU.Build.0 = Debug|Any CPU
		{11ACADB1-3C20-4556-8196-93F26F8F89DD}.Debug|x64.ActiveCfg = Debug|Any CPU
		{11ACADB1-3C20-4556-8196-93F26F8F89DD}.Debug|x64.Build.0 = Debug|Any CPU
		{11ACADB1-3C20-4556-8196-93F26F8F89DD}.Debug|x86.ActiveCfg = Debug|Any CPU
		{11ACADB1-3C20-4556-8196-93F26F8F89DD}.Debug|x86.Build.0 = Debug|Any CPU
		{11ACADB1-3C20-4556-8196-93F26F8F89DD}.Release|Any CPU.ActiveCfg = Release|Any CPU
		{11ACADB1-3C20-4556-8196-93F26F8F89DD}.Release|Any CPU.Build.0 = Release|Any CPU
		{11ACADB1-3C20-4556-8196-93F26F8F89DD}.Release|x64.ActiveCfg = Release|Any CPU
		{11ACADB1-3C20-4556-8196-93F26F8F89DD}.Release|x64.Build.0 = Release|Any CPU
		{11ACADB1-3C20-4556-8196-93F26F8F89DD}.Release|x86.ActiveCfg = Release|Any CPU
		{11ACADB1-3C20-4556-8196-93F26F8F89DD}.Release|x86.Build.0 = Release|Any CPU
		{7ECF2482-30B8-4C01-B378-7D711BD56B94}.Debug|Any CPU.ActiveCfg = Debug|Any CPU
		{7ECF2482-30B8-4C01-B378-7D711BD56B94}.Debug|Any CPU.Build.0 = Debug|Any CPU
		{7ECF2482-30B8-4C01-B378-7D711BD56B94}.Debug|x64.ActiveCfg = Debug|Any CPU
		{7ECF2482-30B8-4C01-B378-7D711BD56B94}.Debug|x64.Build.0 = Debug|Any CPU
		{7ECF2482-30B8-4C01-B378-7D711BD56B94}.Debug|x86.ActiveCfg = Debug|Any CPU
		{7ECF2482-30B8-4C01-B378-7D711BD56B94}.Debug|x86.Build.0 = Debug|Any CPU
		{7ECF2482-30B8-4C01-B378-7D711BD56B94}.Release|Any CPU.ActiveCfg = Release|Any CPU
		{7ECF2482-30B8-4C01-B378-7D711BD56B94}.Release|Any CPU.Build.0 = Release|Any CPU
		{7ECF2482-30B8-4C01-B378-7D711BD56B94}.Release|x64.ActiveCfg = Release|Any CPU
		{7ECF2482-30B8-4C01-B378-7D711BD56B94}.Release|x64.Build.0 = Release|Any CPU
		{7ECF2482-30B8-4C01-B378-7D711BD56B94}.Release|x86.ActiveCfg = Release|Any CPU
		{7ECF2482-30B8-4C01-B378-7D711BD56B94}.Release|x86.Build.0 = Release|Any CPU
		{632FDD80-F0DF-4C93-A920-E72D3954CF57}.Debug|Any CPU.ActiveCfg = Debug|Any CPU
		{632FDD80-F0DF-4C93-A920-E72D3954CF57}.Debug|Any CPU.Build.0 = Debug|Any CPU
		{632FDD80-F0DF-4C93-A920-E72D3954CF57}.Debug|x64.ActiveCfg = Debug|Any CPU
		{632FDD80-F0DF-4C93-A920-E72D3954CF57}.Debug|x64.Build.0 = Debug|Any CPU
		{632FDD80-F0DF-4C93-A920-E72D3954CF57}.Debug|x86.ActiveCfg = Debug|Any CPU
		{632FDD80-F0DF-4C93-A920-E72D3954CF57}.Debug|x86.Build.0 = Debug|Any CPU
		{632FDD80-F0DF-4C93-A920-E72D3954CF57}.Release|Any CPU.ActiveCfg = Release|Any CPU
		{632FDD80-F0DF-4C93-A920-E72D3954CF57}.Release|Any CPU.Build.0 = Release|Any CPU
		{632FDD80-F0DF-4C93-A920-E72D3954CF57}.Release|x64.ActiveCfg = Release|Any CPU
		{632FDD80-F0DF-4C93-A920-E72D3954CF57}.Release|x64.Build.0 = Release|Any CPU
		{632FDD80-F0DF-4C93-A920-E72D3954CF57}.Release|x86.ActiveCfg = Release|Any CPU
		{632FDD80-F0DF-4C93-A920-E72D3954CF57}.Release|x86.Build.0 = Release|Any CPU
		{7DDC2FA7-E749-4A53-8199-82E7416FEBE4}.Debug|Any CPU.ActiveCfg = Debug|Any CPU
		{7DDC2FA7-E749-4A53-8199-82E7416FEBE4}.Debug|Any CPU.Build.0 = Debug|Any CPU
		{7DDC2FA7-E749-4A53-8199-82E7416FEBE4}.Debug|x64.ActiveCfg = Debug|Any CPU
		{7DDC2FA7-E749-4A53-8199-82E7416FEBE4}.Debug|x64.Build.0 = Debug|Any CPU
		{7DDC2FA7-E749-4A53-8199-82E7416FEBE4}.Debug|x86.ActiveCfg = Debug|Any CPU
		{7DDC2FA7-E749-4A53-8199-82E7416FEBE4}.Debug|x86.Build.0 = Debug|Any CPU
		{7DDC2FA7-E749-4A53-8199-82E7416FEBE4}.Release|Any CPU.ActiveCfg = Release|Any CPU
		{7DDC2FA7-E749-4A53-8199-82E7416FEBE4}.Release|Any CPU.Build.0 = Release|Any CPU
		{7DDC2FA7-E749-4A53-8199-82E7416FEBE4}.Release|x64.ActiveCfg = Release|Any CPU
		{7DDC2FA7-E749-4A53-8199-82E7416FEBE4}.Release|x64.Build.0 = Release|Any CPU
		{7DDC2FA7-E749-4A53-8199-82E7416FEBE4}.Release|x86.ActiveCfg = Release|Any CPU
		{7DDC2FA7-E749-4A53-8199-82E7416FEBE4}.Release|x86.Build.0 = Release|Any CPU
		{33AB68F5-B73F-4BC2-901C-40DF122C8773}.Debug|Any CPU.ActiveCfg = Debug|Any CPU
		{33AB68F5-B73F-4BC2-901C-40DF122C8773}.Debug|Any CPU.Build.0 = Debug|Any CPU
		{33AB68F5-B73F-4BC2-901C-40DF122C8773}.Debug|x64.ActiveCfg = Debug|Any CPU
		{33AB68F5-B73F-4BC2-901C-40DF122C8773}.Debug|x64.Build.0 = Debug|Any CPU
		{33AB68F5-B73F-4BC2-901C-40DF122C8773}.Debug|x86.ActiveCfg = Debug|Any CPU
		{33AB68F5-B73F-4BC2-901C-40DF122C8773}.Debug|x86.Build.0 = Debug|Any CPU
		{33AB68F5-B73F-4BC2-901C-40DF122C8773}.Release|Any CPU.ActiveCfg = Release|Any CPU
		{33AB68F5-B73F-4BC2-901C-40DF122C8773}.Release|Any CPU.Build.0 = Release|Any CPU
		{33AB68F5-B73F-4BC2-901C-40DF122C8773}.Release|x64.ActiveCfg = Release|Any CPU
		{33AB68F5-B73F-4BC2-901C-40DF122C8773}.Release|x64.Build.0 = Release|Any CPU
		{33AB68F5-B73F-4BC2-901C-40DF122C8773}.Release|x86.ActiveCfg = Release|Any CPU
		{33AB68F5-B73F-4BC2-901C-40DF122C8773}.Release|x86.Build.0 = Release|Any CPU
		{5F8C37EF-9CCE-4BFC-8F0A-064C1A75F25D}.Debug|Any CPU.ActiveCfg = Debug|Any CPU
		{5F8C37EF-9CCE-4BFC-8F0A-064C1A75F25D}.Debug|Any CPU.Build.0 = Debug|Any CPU
		{5F8C37EF-9CCE-4BFC-8F0A-064C1A75F25D}.Debug|x64.ActiveCfg = Debug|Any CPU
		{5F8C37EF-9CCE-4BFC-8F0A-064C1A75F25D}.Debug|x64.Build.0 = Debug|Any CPU
		{5F8C37EF-9CCE-4BFC-8F0A-064C1A75F25D}.Debug|x86.ActiveCfg = Debug|Any CPU
		{5F8C37EF-9CCE-4BFC-8F0A-064C1A75F25D}.Debug|x86.Build.0 = Debug|Any CPU
		{5F8C37EF-9CCE-4BFC-8F0A-064C1A75F25D}.Release|Any CPU.ActiveCfg = Release|Any CPU
		{5F8C37EF-9CCE-4BFC-8F0A-064C1A75F25D}.Release|Any CPU.Build.0 = Release|Any CPU
		{5F8C37EF-9CCE-4BFC-8F0A-064C1A75F25D}.Release|x64.ActiveCfg = Release|Any CPU
		{5F8C37EF-9CCE-4BFC-8F0A-064C1A75F25D}.Release|x64.Build.0 = Release|Any CPU
		{5F8C37EF-9CCE-4BFC-8F0A-064C1A75F25D}.Release|x86.ActiveCfg = Release|Any CPU
		{5F8C37EF-9CCE-4BFC-8F0A-064C1A75F25D}.Release|x86.Build.0 = Release|Any CPU
		{D1ABCCFA-ACA0-4066-B651-B467F2872ED1}.Debug|Any CPU.ActiveCfg = Debug|Any CPU
		{D1ABCCFA-ACA0-4066-B651-B467F2872ED1}.Debug|Any CPU.Build.0 = Debug|Any CPU
		{D1ABCCFA-ACA0-4066-B651-B467F2872ED1}.Debug|x64.ActiveCfg = Debug|Any CPU
		{D1ABCCFA-ACA0-4066-B651-B467F2872ED1}.Debug|x64.Build.0 = Debug|Any CPU
		{D1ABCCFA-ACA0-4066-B651-B467F2872ED1}.Debug|x86.ActiveCfg = Debug|Any CPU
		{D1ABCCFA-ACA0-4066-B651-B467F2872ED1}.Debug|x86.Build.0 = Debug|Any CPU
		{D1ABCCFA-ACA0-4066-B651-B467F2872ED1}.Release|Any CPU.ActiveCfg = Release|Any CPU
		{D1ABCCFA-ACA0-4066-B651-B467F2872ED1}.Release|Any CPU.Build.0 = Release|Any CPU
		{D1ABCCFA-ACA0-4066-B651-B467F2872ED1}.Release|x64.ActiveCfg = Release|Any CPU
		{D1ABCCFA-ACA0-4066-B651-B467F2872ED1}.Release|x64.Build.0 = Release|Any CPU
		{D1ABCCFA-ACA0-4066-B651-B467F2872ED1}.Release|x86.ActiveCfg = Release|Any CPU
		{D1ABCCFA-ACA0-4066-B651-B467F2872ED1}.Release|x86.Build.0 = Release|Any CPU
	EndGlobalSection
	GlobalSection(SolutionProperties) = preSolution
		HideSolutionNode = FALSE
	EndGlobalSection
	GlobalSection(NestedProjects) = preSolution
		{C8CEEF1F-9EF0-41D0-BDE9-9DFE0B501409} = {DE50C1D2-D5FE-4AE3-8C9A-BDA5C93D5D4C}
		{115050C0-528F-421C-87DF-D036C722362F} = {C8CEEF1F-9EF0-41D0-BDE9-9DFE0B501409}
		{1417EB4E-4461-4B41-9E25-21AC5FF09FB1} = {C8CEEF1F-9EF0-41D0-BDE9-9DFE0B501409}
		{D4BF8253-A37C-4433-9270-B25FE17F9D26} = {DE50C1D2-D5FE-4AE3-8C9A-BDA5C93D5D4C}
		{B351873D-1193-4B02-9DD4-B7DE44B4DCB7} = {D4BF8253-A37C-4433-9270-B25FE17F9D26}
		{32877B30-C719-4D46-BD16-E42070964317} = {DE50C1D2-D5FE-4AE3-8C9A-BDA5C93D5D4C}
		{07AE082C-256B-4276-BF83-4835869F57F3} = {32877B30-C719-4D46-BD16-E42070964317}
		{BA033750-5B9D-4401-B58E-C8364D80EBAC} = {07AE082C-256B-4276-BF83-4835869F57F3}
		{35FE93EF-E2C1-4497-962A-6D5292273DC6} = {07AE082C-256B-4276-BF83-4835869F57F3}
		{A61AF415-734B-4521-B6B5-8D64234BF088} = {07AE082C-256B-4276-BF83-4835869F57F3}
		{BC39D2CD-E79E-4069-BD63-A96DDD3B8A36} = {07AE082C-256B-4276-BF83-4835869F57F3}
		{6EE60583-2624-4E44-B0B1-2AD62798EEB0} = {07AE082C-256B-4276-BF83-4835869F57F3}
		{0314CF38-8EDE-4EFF-B6F8-E4EAD472AFD1} = {07AE082C-256B-4276-BF83-4835869F57F3}
		{4FC4F4F9-51AA-49EE-96EE-9637EA9C69B4} = {07AE082C-256B-4276-BF83-4835869F57F3}
		{B79289B6-1E50-492A-80EE-D2381D925B41} = {32877B30-C719-4D46-BD16-E42070964317}
		{514D8AA6-B674-46CB-95A8-5A4D15DEE17D} = {B79289B6-1E50-492A-80EE-D2381D925B41}
		{E6127393-77F3-4C2B-AB42-437238CC5DA3} = {B79289B6-1E50-492A-80EE-D2381D925B41}
		{6B28EBA6-AE9C-4005-87C9-FC20BFAE8264} = {B79289B6-1E50-492A-80EE-D2381D925B41}
		{2F523E5B-55AC-4842-BDEC-1F5989795A24} = {B79289B6-1E50-492A-80EE-D2381D925B41}
		{EDD10462-278C-43F1-81D4-A55EB50D008B} = {B79289B6-1E50-492A-80EE-D2381D925B41}
		{A3A6007D-D02D-49EB-85A1-49A24101D9ED} = {B79289B6-1E50-492A-80EE-D2381D925B41}
		{6A73E995-8E7A-460C-94B1-90C4F0EAD6F2} = {B79289B6-1E50-492A-80EE-D2381D925B41}
		{A4AB063E-9578-4369-8C8F-22D5E35D9087} = {32877B30-C719-4D46-BD16-E42070964317}
		{34BFB284-4734-445D-828B-DAA251482122} = {A4AB063E-9578-4369-8C8F-22D5E35D9087}
		{3A47AACA-DD44-4A9C-A071-2A0DB4A8F8CE} = {A4AB063E-9578-4369-8C8F-22D5E35D9087}
		{FCDA4043-C8D3-4C16-BB63-EDC78D8B589E} = {A4AB063E-9578-4369-8C8F-22D5E35D9087}
		{36E3C576-61FA-4EC5-BB32-27CB825FDB32} = {A4AB063E-9578-4369-8C8F-22D5E35D9087}
		{6CCEE665-E9AB-4A29-B44A-D352AD4080B4} = {A4AB063E-9578-4369-8C8F-22D5E35D9087}
		{6ABA3262-8D67-4310-A607-68902B1653EB} = {A4AB063E-9578-4369-8C8F-22D5E35D9087}
		{220BE15D-8D10-40AD-9735-55DF52AD7BA0} = {A4AB063E-9578-4369-8C8F-22D5E35D9087}
		{7814688C-52D5-481D-847D-5EAEB28EAB14} = {600AB76E-0FF1-4D7A-B714-6134977F13B7}
		{D608CD25-DA1F-4660-8D70-0388C5C7AB25} = {600AB76E-0FF1-4D7A-B714-6134977F13B7}
		{4F990D92-3AC8-4DC3-9B55-C24824A07CA8} = {600AB76E-0FF1-4D7A-B714-6134977F13B7}
		{11ACADB1-3C20-4556-8196-93F26F8F89DD} = {600AB76E-0FF1-4D7A-B714-6134977F13B7}
		{7ECF2482-30B8-4C01-B378-7D711BD56B94} = {600AB76E-0FF1-4D7A-B714-6134977F13B7}
		{632FDD80-F0DF-4C93-A920-E72D3954CF57} = {07AE082C-256B-4276-BF83-4835869F57F3}
		{7DDC2FA7-E749-4A53-8199-82E7416FEBE4} = {B79289B6-1E50-492A-80EE-D2381D925B41}
		{33AB68F5-B73F-4BC2-901C-40DF122C8773} = {A4AB063E-9578-4369-8C8F-22D5E35D9087}
		{5F8C37EF-9CCE-4BFC-8F0A-064C1A75F25D} = {C8CEEF1F-9EF0-41D0-BDE9-9DFE0B501409}
		{D1ABCCFA-ACA0-4066-B651-B467F2872ED1} = {600AB76E-0FF1-4D7A-B714-6134977F13B7}
	EndGlobalSection
EndGlobal
